
Microsoft Visual Studio Solution File, Format Version 12.00
# Visual Studio Version 16
VisualStudioVersion = 16.0.29318.209
MinimumVisualStudioVersion = 10.0.40219.1
Project("{FAE04EC0-301F-11D3-BF4B-00C04F79EFBC}") = "pruebaGit", "pruebaGit.csproj", "{E6C8DEE6-356C-4E7E-89F0-91DE6F8CB652}"
EndProject
Global
	GlobalSection(SolutionConfigurationPlatforms) = preSolution
		Debug|Any CPU = Debug|Any CPU
		Release|Any CPU = Release|Any CPU
	EndGlobalSection
	GlobalSection(ProjectConfigurationPlatforms) = postSolution
		{E6C8DEE6-356C-4E7E-89F0-91DE6F8CB652}.Debug|Any CPU.ActiveCfg = Debug|Any CPU
		{E6C8DEE6-356C-4E7E-89F0-91DE6F8CB652}.Debug|Any CPU.Build.0 = Debug|Any CPU
		{E6C8DEE6-356C-4E7E-89F0-91DE6F8CB652}.Release|Any CPU.ActiveCfg = Release|Any CPU
		{E6C8DEE6-356C-4E7E-89F0-91DE6F8CB652}.Release|Any CPU.Build.0 = Release|Any CPU
	EndGlobalSection
	GlobalSection(SolutionProperties) = preSolution
		HideSolutionNode = FALSE
	EndGlobalSection
	GlobalSection(ExtensibilityGlobals) = postSolution
		SolutionGuid = {64F39A33-77C1-4DA1-8E40-E118BDFDDF18}
	EndGlobalSection
EndGlobal
